
Microsoft Visual Studio Solution File, Format Version 12.00
# Visual Studio Version 16
VisualStudioVersion = 16.0.30503.244
MinimumVisualStudioVersion = 10.0.40219.1
Project("{9A19103F-16F7-4668-BE54-9A1E7A4F7556}") = "API", "API\API.csproj", "{77586CB9-938B-4277-AF2E-B8D3D69220E5}"
EndProject
Project("{2150E333-8FDC-42A3-9474-1A3956D46DE8}") = "Data", "Data", "{E99FE474-1A75-4BE5-B4DA-A5790408513F}"
EndProject
Project("{2150E333-8FDC-42A3-9474-1A3956D46DE8}") = "Public", "Public", "{647DCFEA-FD6F-4209-AECB-003B1F5718CC}"
EndProject
Project("{9A19103F-16F7-4668-BE54-9A1E7A4F7556}") = "DataAccess", "DataAccess\DataAccess.csproj", "{7BC93C41-8700-4DFD-9791-21811E088D55}"
EndProject
Project("{2150E333-8FDC-42A3-9474-1A3956D46DE8}") = "Auth", "Auth", "{09B48D43-1C01-4A4F-A949-4DB52F605F57}"
EndProject
Project("{FAE04EC0-301F-11D3-BF4B-00C04F79EFBC}") = "AuthAPI", "AuthAPI\AuthAPI.csproj", "{BC6C960C-DF00-4A22-9154-6B052AECA9C1}"
EndProject
Project("{2150E333-8FDC-42A3-9474-1A3956D46DE8}") = "Common", "Common", "{2BF5CBDC-C255-44D8-B150-D10D7F7B91E1}"
EndProject
Project("{FAE04EC0-301F-11D3-BF4B-00C04F79EFBC}") = "DataTransfer", "DataTransfer\DataTransfer.csproj", "{EB42901E-DB9E-4A6B-AA22-7DB4A8477DDF}"
EndProject
Global
	GlobalSection(SolutionConfigurationPlatforms) = preSolution
		Debug|Any CPU = Debug|Any CPU
		Release|Any CPU = Release|Any CPU
	EndGlobalSection
	GlobalSection(ProjectConfigurationPlatforms) = postSolution
		{77586CB9-938B-4277-AF2E-B8D3D69220E5}.Debug|Any CPU.ActiveCfg = Debug|Any CPU
		{77586CB9-938B-4277-AF2E-B8D3D69220E5}.Debug|Any CPU.Build.0 = Debug|Any CPU
		{77586CB9-938B-4277-AF2E-B8D3D69220E5}.Release|Any CPU.ActiveCfg = Release|Any CPU
		{77586CB9-938B-4277-AF2E-B8D3D69220E5}.Release|Any CPU.Build.0 = Release|Any CPU
		{7BC93C41-8700-4DFD-9791-21811E088D55}.Debug|Any CPU.ActiveCfg = Debug|Any CPU
		{7BC93C41-8700-4DFD-9791-21811E088D55}.Debug|Any CPU.Build.0 = Debug|Any CPU
		{7BC93C41-8700-4DFD-9791-21811E088D55}.Release|Any CPU.ActiveCfg = Release|Any CPU
		{7BC93C41-8700-4DFD-9791-21811E088D55}.Release|Any CPU.Build.0 = Release|Any CPU
		{BC6C960C-DF00-4A22-9154-6B052AECA9C1}.Debug|Any CPU.ActiveCfg = Debug|Any CPU
		{BC6C960C-DF00-4A22-9154-6B052AECA9C1}.Debug|Any CPU.Build.0 = Debug|Any CPU
		{BC6C960C-DF00-4A22-9154-6B052AECA9C1}.Release|Any CPU.ActiveCfg = Release|Any CPU
		{BC6C960C-DF00-4A22-9154-6B052AECA9C1}.Release|Any CPU.Build.0 = Release|Any CPU
		{EB42901E-DB9E-4A6B-AA22-7DB4A8477DDF}.Debug|Any CPU.ActiveCfg = Debug|Any CPU
		{EB42901E-DB9E-4A6B-AA22-7DB4A8477DDF}.Debug|Any CPU.Build.0 = Debug|Any CPU
		{EB42901E-DB9E-4A6B-AA22-7DB4A8477DDF}.Release|Any CPU.ActiveCfg = Release|Any CPU
		{EB42901E-DB9E-4A6B-AA22-7DB4A8477DDF}.Release|Any CPU.Build.0 = Release|Any CPU
	EndGlobalSection
	GlobalSection(SolutionProperties) = preSolution
		HideSolutionNode = FALSE
	EndGlobalSection
	GlobalSection(NestedProjects) = preSolution
		{77586CB9-938B-4277-AF2E-B8D3D69220E5} = {647DCFEA-FD6F-4209-AECB-003B1F5718CC}
		{7BC93C41-8700-4DFD-9791-21811E088D55} = {E99FE474-1A75-4BE5-B4DA-A5790408513F}
		{BC6C960C-DF00-4A22-9154-6B052AECA9C1} = {09B48D43-1C01-4A4F-A949-4DB52F605F57}
		{EB42901E-DB9E-4A6B-AA22-7DB4A8477DDF} = {2BF5CBDC-C255-44D8-B150-D10D7F7B91E1}
	EndGlobalSection
	GlobalSection(ExtensibilityGlobals) = postSolution
		SolutionGuid = {58D26E9A-E646-4220-B520-273A8F7E29D6}
	EndGlobalSection
EndGlobal
